
Microsoft Visual Studio Solution File, Format Version 12.00
# Visual Studio Version 17
VisualStudioVersion = 17.14.36221.1
MinimumVisualStudioVersion = 10.0.40219.1
Project("{8BC9CEB8-8B4A-11D0-8D11-00A0C91BC942}") = "Raytracer", "Raytracer\Raytracer.vcxproj", "{BB32F41F-DEF9-4D17-B1DD-C8DCE04DBF23}"
EndProject
Project("{8BC9CEB8-8B4A-11D0-8D11-00A0C91BC942}") = "RtTests", "RtTests\RtTests.vcxproj", "{770916AE-73B4-4431-9177-984017C16C11}"
EndProject
Global
	GlobalSection(SolutionConfigurationPlatforms) = preSolution
		Debug|x64 = Debug|x64
		Debug|x86 = Debug|x86
		Release|x64 = Release|x64
		Release|x86 = Release|x86
	EndGlobalSection
	GlobalSection(ProjectConfigurationPlatforms) = postSolution
		{BB32F41F-DEF9-4D17-B1DD-C8DCE04DBF23}.Debug|x64.ActiveCfg = Debug|x64
		{BB32F41F-DEF9-4D17-B1DD-C8DCE04DBF23}.Debug|x64.Build.0 = Debug|x64
		{BB32F41F-DEF9-4D17-B1DD-C8DCE04DBF23}.Debug|x86.ActiveCfg = Debug|Win32
		{BB32F41F-DEF9-4D17-B1DD-C8DCE04DBF23}.Debug|x86.Build.0 = Debug|Win32
		{BB32F41F-DEF9-4D17-B1DD-C8DCE04DBF23}.Release|x64.ActiveCfg = Release|x64
		{BB32F41F-DEF9-4D17-B1DD-C8DCE04DBF23}.Release|x64.Build.0 = Release|x64
		{BB32F41F-DEF9-4D17-B1DD-C8DCE04DBF23}.Release|x86.ActiveCfg = Release|Win32
		{BB32F41F-DEF9-4D17-B1DD-C8DCE04DBF23}.Release|x86.Build.0 = Release|Win32
		{770916AE-73B4-4431-9177-984017C16C11}.Debug|x64.ActiveCfg = Debug|x64
		{770916AE-73B4-4431-9177-984017C16C11}.Debug|x64.Build.0 = Debug|x64
		{770916AE-73B4-4431-9177-984017C16C11}.Debug|x86.ActiveCfg = Debug|Win32
		{770916AE-73B4-4431-9177-984017C16C11}.Debug|x86.Build.0 = Debug|Win32
		{770916AE-73B4-4431-9177-984017C16C11}.Release|x64.ActiveCfg = Release|x64
		{770916AE-73B4-4431-9177-984017C16C11}.Release|x64.Build.0 = Release|x64
		{770916AE-73B4-4431-9177-984017C16C11}.Release|x86.ActiveCfg = Release|Win32
		{770916AE-73B4-4431-9177-984017C16C11}.Release|x86.Build.0 = Release|Win32
	EndGlobalSection
	GlobalSection(SolutionProperties) = preSolution
		HideSolutionNode = FALSE
	EndGlobalSection
	GlobalSection(ExtensibilityGlobals) = postSolution
		SolutionGuid = {133D37C4-C49D-4672-8117-7799D8EAD2EA}
	EndGlobalSection
EndGlobal
